
Microsoft Visual Studio Solution File, Format Version 12.00
# Visual Studio 15
VisualStudioVersion = 15.0.26124.0
MinimumVisualStudioVersion = 15.0.26124.0
Project("{9A19103F-16F7-4668-BE54-9A1E7A4F7556}") = "BTDB", "BTDB\BTDB.csproj", "{1436572F-C705-44D0-B021-6D123ADCEE9D}"
EndProject
Project("{9A19103F-16F7-4668-BE54-9A1E7A4F7556}") = "BTDBTest", "BTDBTest\BTDBTest.csproj", "{6A84112E-A613-4FEA-975F-BAFD88DACB06}"
EndProject
Project("{9A19103F-16F7-4668-BE54-9A1E7A4F7556}") = "ODbDump", "ODbDump\ODbDump.csproj", "{4405228C-DC72-4532-9228-04858861A5D0}"
EndProject
Project("{9A19103F-16F7-4668-BE54-9A1E7A4F7556}") = "SimpleTester", "SimpleTester\SimpleTester.csproj", "{A3C8B557-4A8A-4C30-916C-04C75BF2C4F4}"
EndProject
Project("{FAE04EC0-301F-11D3-BF4B-00C04F79EFBC}") = "DBBenchmark", "DBBenchmark\DBBenchmark.csproj", "{83F2838F-3F08-4F61-8FE6-70EECA0F3BA8}"
EndProject
Project("{FAE04EC0-301F-11D3-BF4B-00C04F79EFBC}") = "BTDB.SourceGenerator", "BTDB.SourceGenerator\BTDB.SourceGenerator.csproj", "{B5C79353-74DE-4DA7-AAD5-2D23DA505264}"
EndProject
Project("{FAE04EC0-301F-11D3-BF4B-00C04F79EFBC}") = "BTDB.SourceGenerator.Tests", "BTDB.SourceGenerator.Test\BTDB.SourceGenerator.Tests.csproj", "{5A9865C8-E0A3-4E14-B880-1FA378E21EA8}"
EndProject
Project("{FAE04EC0-301F-11D3-BF4B-00C04F79EFBC}") = "BTDB.SourceGenerator.Sample", "BTDB.SourceGenerator.Sample\BTDB.SourceGenerator.Sample.csproj", "{A942F2EA-491D-4E32-AEA1-17A61A8C949B}"
EndProject
Project("{FAE04EC0-301F-11D3-BF4B-00C04F79EFBC}") = "Releaser", "Releaser\Releaser\Releaser.csproj", "{81A30C70-D317-4EA3-A89F-3438801C9B08}"
EndProject
Project("{FAE04EC0-301F-11D3-BF4B-00C04F79EFBC}") = "Sample3rdPartyLib", "Sample3rdPartyLib\Sample3rdPartyLib.csproj", "{D90C62BD-2EA7-4A02-846C-A08DDEDF61D3}"
EndProject
Global
	GlobalSection(SolutionConfigurationPlatforms) = preSolution
		Debug|Any CPU = Debug|Any CPU
		Debug|x64 = Debug|x64
		Debug|x86 = Debug|x86
		Release|Any CPU = Release|Any CPU
		Release|x64 = Release|x64
		Release|x86 = Release|x86
	EndGlobalSection
	GlobalSection(ProjectConfigurationPlatforms) = postSolution
		{1436572F-C705-44D0-B021-6D123ADCEE9D}.Debug|Any CPU.ActiveCfg = Debug|Any CPU
		{1436572F-C705-44D0-B021-6D123ADCEE9D}.Debug|Any CPU.Build.0 = Debug|Any CPU
		{1436572F-C705-44D0-B021-6D123ADCEE9D}.Debug|x64.ActiveCfg = Debug|Any CPU
		{1436572F-C705-44D0-B021-6D123ADCEE9D}.Debug|x64.Build.0 = Debug|Any CPU
		{1436572F-C705-44D0-B021-6D123ADCEE9D}.Debug|x86.ActiveCfg = Debug|Any CPU
		{1436572F-C705-44D0-B021-6D123ADCEE9D}.Debug|x86.Build.0 = Debug|Any CPU
		{1436572F-C705-44D0-B021-6D123ADCEE9D}.Release|Any CPU.ActiveCfg = Release|Any CPU
		{1436572F-C705-44D0-B021-6D123ADCEE9D}.Release|Any CPU.Build.0 = Release|Any CPU
		{1436572F-C705-44D0-B021-6D123ADCEE9D}.Release|x64.ActiveCfg = Release|Any CPU
		{1436572F-C705-44D0-B021-6D123ADCEE9D}.Release|x64.Build.0 = Release|Any CPU
		{1436572F-C705-44D0-B021-6D123ADCEE9D}.Release|x86.ActiveCfg = Release|Any CPU
		{1436572F-C705-44D0-B021-6D123ADCEE9D}.Release|x86.Build.0 = Release|Any CPU
		{6A84112E-A613-4FEA-975F-BAFD88DACB06}.Debug|Any CPU.ActiveCfg = Debug|Any CPU
		{6A84112E-A613-4FEA-975F-BAFD88DACB06}.Debug|Any CPU.Build.0 = Debug|Any CPU
		{6A84112E-A613-4FEA-975F-BAFD88DACB06}.Debug|x64.ActiveCfg = Debug|Any CPU
		{6A84112E-A613-4FEA-975F-BAFD88DACB06}.Debug|x64.Build.0 = Debug|Any CPU
		{6A84112E-A613-4FEA-975F-BAFD88DACB06}.Debug|x86.ActiveCfg = Debug|Any CPU
		{6A84112E-A613-4FEA-975F-BAFD88DACB06}.Debug|x86.Build.0 = Debug|Any CPU
		{6A84112E-A613-4FEA-975F-BAFD88DACB06}.Release|Any CPU.ActiveCfg = Release|Any CPU
		{6A84112E-A613-4FEA-975F-BAFD88DACB06}.Release|Any CPU.Build.0 = Release|Any CPU
		{6A84112E-A613-4FEA-975F-BAFD88DACB06}.Release|x64.ActiveCfg = Release|Any CPU
		{6A84112E-A613-4FEA-975F-BAFD88DACB06}.Release|x64.Build.0 = Release|Any CPU
		{6A84112E-A613-4FEA-975F-BAFD88DACB06}.Release|x86.ActiveCfg = Release|Any CPU
		{6A84112E-A613-4FEA-975F-BAFD88DACB06}.Release|x86.Build.0 = Release|Any CPU
		{4405228C-DC72-4532-9228-04858861A5D0}.Debug|Any CPU.ActiveCfg = Debug|Any CPU
		{4405228C-DC72-4532-9228-04858861A5D0}.Debug|Any CPU.Build.0 = Debug|Any CPU
		{4405228C-DC72-4532-9228-04858861A5D0}.Debug|x64.ActiveCfg = Debug|Any CPU
		{4405228C-DC72-4532-9228-04858861A5D0}.Debug|x64.Build.0 = Debug|Any CPU
		{4405228C-DC72-4532-9228-04858861A5D0}.Debug|x86.ActiveCfg = Debug|Any CPU
		{4405228C-DC72-4532-9228-04858861A5D0}.Debug|x86.Build.0 = Debug|Any CPU
		{4405228C-DC72-4532-9228-04858861A5D0}.Release|Any CPU.ActiveCfg = Release|Any CPU
		{4405228C-DC72-4532-9228-04858861A5D0}.Release|Any CPU.Build.0 = Release|Any CPU
		{4405228C-DC72-4532-9228-04858861A5D0}.Release|x64.ActiveCfg = Release|Any CPU
		{4405228C-DC72-4532-9228-04858861A5D0}.Release|x64.Build.0 = Release|Any CPU
		{4405228C-DC72-4532-9228-04858861A5D0}.Release|x86.ActiveCfg = Release|Any CPU
		{4405228C-DC72-4532-9228-04858861A5D0}.Release|x86.Build.0 = Release|Any CPU
		{A3C8B557-4A8A-4C30-916C-04C75BF2C4F4}.Debug|Any CPU.ActiveCfg = Debug|Any CPU
		{A3C8B557-4A8A-4C30-916C-04C75BF2C4F4}.Debug|Any CPU.Build.0 = Debug|Any CPU
		{A3C8B557-4A8A-4C30-916C-04C75BF2C4F4}.Debug|x64.ActiveCfg = Debug|Any CPU
		{A3C8B557-4A8A-4C30-916C-04C75BF2C4F4}.Debug|x64.Build.0 = Debug|Any CPU
		{A3C8B557-4A8A-4C30-916C-04C75BF2C4F4}.Debug|x86.ActiveCfg = Debug|Any CPU
		{A3C8B557-4A8A-4C30-916C-04C75BF2C4F4}.Debug|x86.Build.0 = Debug|Any CPU
		{A3C8B557-4A8A-4C30-916C-04C75BF2C4F4}.Release|Any CPU.ActiveCfg = Release|Any CPU
		{A3C8B557-4A8A-4C30-916C-04C75BF2C4F4}.Release|Any CPU.Build.0 = Release|Any CPU
		{A3C8B557-4A8A-4C30-916C-04C75BF2C4F4}.Release|x64.ActiveCfg = Release|Any CPU
		{A3C8B557-4A8A-4C30-916C-04C75BF2C4F4}.Release|x64.Build.0 = Release|Any CPU
		{A3C8B557-4A8A-4C30-916C-04C75BF2C4F4}.Release|x86.ActiveCfg = Release|Any CPU
		{A3C8B557-4A8A-4C30-916C-04C75BF2C4F4}.Release|x86.Build.0 = Release|Any CPU
		{83F2838F-3F08-4F61-8FE6-70EECA0F3BA8}.Debug|Any CPU.ActiveCfg = Debug|Any CPU
		{83F2838F-3F08-4F61-8FE6-70EECA0F3BA8}.Debug|Any CPU.Build.0 = Debug|Any CPU
		{83F2838F-3F08-4F61-8FE6-70EECA0F3BA8}.Debug|x64.ActiveCfg = Debug|Any CPU
		{83F2838F-3F08-4F61-8FE6-70EECA0F3BA8}.Debug|x64.Build.0 = Debug|Any CPU
		{83F2838F-3F08-4F61-8FE6-70EECA0F3BA8}.Debug|x86.ActiveCfg = Debug|Any CPU
		{83F2838F-3F08-4F61-8FE6-70EECA0F3BA8}.Debug|x86.Build.0 = Debug|Any CPU
		{83F2838F-3F08-4F61-8FE6-70EECA0F3BA8}.Release|Any CPU.ActiveCfg = Release|Any CPU
		{83F2838F-3F08-4F61-8FE6-70EECA0F3BA8}.Release|Any CPU.Build.0 = Release|Any CPU
		{83F2838F-3F08-4F61-8FE6-70EECA0F3BA8}.Release|x64.ActiveCfg = Release|Any CPU
		{83F2838F-3F08-4F61-8FE6-70EECA0F3BA8}.Release|x64.Build.0 = Release|Any CPU
		{83F2838F-3F08-4F61-8FE6-70EECA0F3BA8}.Release|x86.ActiveCfg = Release|Any CPU
		{83F2838F-3F08-4F61-8FE6-70EECA0F3BA8}.Release|x86.Build.0 = Release|Any CPU
		{B5C79353-74DE-4DA7-AAD5-2D23DA505264}.Debug|Any CPU.ActiveCfg = Debug|Any CPU
		{B5C79353-74DE-4DA7-AAD5-2D23DA505264}.Debug|Any CPU.Build.0 = Debug|Any CPU
		{B5C79353-74DE-4DA7-AAD5-2D23DA505264}.Debug|x64.ActiveCfg = Debug|Any CPU
		{B5C79353-74DE-4DA7-AAD5-2D23DA505264}.Debug|x64.Build.0 = Debug|Any CPU
		{B5C79353-74DE-4DA7-AAD5-2D23DA505264}.Debug|x86.ActiveCfg = Debug|Any CPU
		{B5C79353-74DE-4DA7-AAD5-2D23DA505264}.Debug|x86.Build.0 = Debug|Any CPU
		{B5C79353-74DE-4DA7-AAD5-2D23DA505264}.Release|Any CPU.ActiveCfg = Release|Any CPU
		{B5C79353-74DE-4DA7-AAD5-2D23DA505264}.Release|Any CPU.Build.0 = Release|Any CPU
		{B5C79353-74DE-4DA7-AAD5-2D23DA505264}.Release|x64.ActiveCfg = Release|Any CPU
		{B5C79353-74DE-4DA7-AAD5-2D23DA505264}.Release|x64.Build.0 = Release|Any CPU
		{B5C79353-74DE-4DA7-AAD5-2D23DA505264}.Release|x86.ActiveCfg = Release|Any CPU
		{B5C79353-74DE-4DA7-AAD5-2D23DA505264}.Release|x86.Build.0 = Release|Any CPU
		{5A9865C8-E0A3-4E14-B880-1FA378E21EA8}.Debug|Any CPU.ActiveCfg = Debug|Any CPU
		{5A9865C8-E0A3-4E14-B880-1FA378E21EA8}.Debug|Any CPU.Build.0 = Debug|Any CPU
		{5A9865C8-E0A3-4E14-B880-1FA378E21EA8}.Debug|x64.ActiveCfg = Debug|Any CPU
		{5A9865C8-E0A3-4E14-B880-1FA378E21EA8}.Debug|x64.Build.0 = Debug|Any CPU
		{5A9865C8-E0A3-4E14-B880-1FA378E21EA8}.Debug|x86.ActiveCfg = Debug|Any CPU
		{5A9865C8-E0A3-4E14-B880-1FA378E21EA8}.Debug|x86.Build.0 = Debug|Any CPU
		{5A9865C8-E0A3-4E14-B880-1FA378E21EA8}.Release|Any CPU.ActiveCfg = Release|Any CPU
		{5A9865C8-E0A3-4E14-B880-1FA378E21EA8}.Release|Any CPU.Build.0 = Release|Any CPU
		{5A9865C8-E0A3-4E14-B880-1FA378E21EA8}.Release|x64.ActiveCfg = Release|Any CPU
		{5A9865C8-E0A3-4E14-B880-1FA378E21EA8}.Release|x64.Build.0 = Release|Any CPU
		{5A9865C8-E0A3-4E14-B880-1FA378E21EA8}.Release|x86.ActiveCfg = Release|Any CPU
		{5A9865C8-E0A3-4E14-B880-1FA378E21EA8}.Release|x86.Build.0 = Release|Any CPU
		{A942F2EA-491D-4E32-AEA1-17A61A8C949B}.Debug|Any CPU.ActiveCfg = Debug|Any CPU
		{A942F2EA-491D-4E32-AEA1-17A61A8C949B}.Debug|Any CPU.Build.0 = Debug|Any CPU
		{A942F2EA-491D-4E32-AEA1-17A61A8C949B}.Debug|x64.ActiveCfg = Debug|Any CPU
		{A942F2EA-491D-4E32-AEA1-17A61A8C949B}.Debug|x64.Build.0 = Debug|Any CPU
		{A942F2EA-491D-4E32-AEA1-17A61A8C949B}.Debug|x86.ActiveCfg = Debug|Any CPU
		{A942F2EA-491D-4E32-AEA1-17A61A8C949B}.Debug|x86.Build.0 = Debug|Any CPU
		{A942F2EA-491D-4E32-AEA1-17A61A8C949B}.Release|Any CPU.ActiveCfg = Release|Any CPU
		{A942F2EA-491D-4E32-AEA1-17A61A8C949B}.Release|Any CPU.Build.0 = Release|Any CPU
		{A942F2EA-491D-4E32-AEA1-17A61A8C949B}.Release|x64.ActiveCfg = Release|Any CPU
		{A942F2EA-491D-4E32-AEA1-17A61A8C949B}.Release|x64.Build.0 = Release|Any CPU
		{A942F2EA-491D-4E32-AEA1-17A61A8C949B}.Release|x86.ActiveCfg = Release|Any CPU
		{A942F2EA-491D-4E32-AEA1-17A61A8C949B}.Release|x86.Build.0 = Release|Any CPU
		{81A30C70-D317-4EA3-A89F-3438801C9B08}.Debug|Any CPU.ActiveCfg = Debug|Any CPU
		{81A30C70-D317-4EA3-A89F-3438801C9B08}.Debug|Any CPU.Build.0 = Debug|Any CPU
		{81A30C70-D317-4EA3-A89F-3438801C9B08}.Debug|x64.ActiveCfg = Debug|Any CPU
		{81A30C70-D317-4EA3-A89F-3438801C9B08}.Debug|x64.Build.0 = Debug|Any CPU
		{81A30C70-D317-4EA3-A89F-3438801C9B08}.Debug|x86.ActiveCfg = Debug|Any CPU
		{81A30C70-D317-4EA3-A89F-3438801C9B08}.Debug|x86.Build.0 = Debug|Any CPU
		{81A30C70-D317-4EA3-A89F-3438801C9B08}.Release|Any CPU.ActiveCfg = Release|Any CPU
		{81A30C70-D317-4EA3-A89F-3438801C9B08}.Release|Any CPU.Build.0 = Release|Any CPU
		{81A30C70-D317-4EA3-A89F-3438801C9B08}.Release|x64.ActiveCfg = Release|Any CPU
		{81A30C70-D317-4EA3-A89F-3438801C9B08}.Release|x64.Build.0 = Release|Any CPU
		{81A30C70-D317-4EA3-A89F-3438801C9B08}.Release|x86.ActiveCfg = Release|Any CPU
		{81A30C70-D317-4EA3-A89F-3438801C9B08}.Release|x86.Build.0 = Release|Any CPU
		{D90C62BD-2EA7-4A02-846C-A08DDEDF61D3}.Debug|Any CPU.ActiveCfg = Debug|Any CPU
		{D90C62BD-2EA7-4A02-846C-A08DDEDF61D3}.Debug|Any CPU.Build.0 = Debug|Any CPU
		{D90C62BD-2EA7-4A02-846C-A08DDEDF61D3}.Debug|x64.ActiveCfg = Debug|Any CPU
		{D90C62BD-2EA7-4A02-846C-A08DDEDF61D3}.Debug|x64.Build.0 = Debug|Any CPU
		{D90C62BD-2EA7-4A02-846C-A08DDEDF61D3}.Debug|x86.ActiveCfg = Debug|Any CPU
		{D90C62BD-2EA7-4A02-846C-A08DDEDF61D3}.Debug|x86.Build.0 = Debug|Any CPU
		{D90C62BD-2EA7-4A02-846C-A08DDEDF61D3}.Release|Any CPU.ActiveCfg = Release|Any CPU
		{D90C62BD-2EA7-4A02-846C-A08DDEDF61D3}.Release|Any CPU.Build.0 = Release|Any CPU
		{D90C62BD-2EA7-4A02-846C-A08DDEDF61D3}.Release|x64.ActiveCfg = Release|Any CPU
		{D90C62BD-2EA7-4A02-846C-A08DDEDF61D3}.Release|x64.Build.0 = Release|Any CPU
		{D90C62BD-2EA7-4A02-846C-A08DDEDF61D3}.Release|x86.ActiveCfg = Release|Any CPU
		{D90C62BD-2EA7-4A02-846C-A08DDEDF61D3}.Release|x86.Build.0 = Release|Any CPU
	EndGlobalSection
	GlobalSection(SolutionProperties) = preSolution
		HideSolutionNode = FALSE
	EndGlobalSection
	GlobalSection(ExtensibilityGlobals) = postSolution
		SolutionGuid = {5E574817-816A-4734-A2DA-D42516B10BB3}
	EndGlobalSection
EndGlobal
