
Microsoft Visual Studio Solution File, Format Version 11.00
# Visual Studio 2010
Project("{FAE04EC0-301F-11D3-BF4B-00C04F79EFBC}") = "BTDB", "BTDB\BTDB.csproj", "{4B16680A-547C-495F-8BB2-8DA239E34194}"
EndProject
Project("{FAE04EC0-301F-11D3-BF4B-00C04F79EFBC}") = "BTDBTest", "BTDBTest\BTDBTest.csproj", "{E7CEDF6F-B13F-48C4-A8E6-2DECAC4C7088}"
EndProject
Project("{FAE04EC0-301F-11D3-BF4B-00C04F79EFBC}") = "SimpleTester", "SimpleTester\SimpleTester.csproj", "{3D5A4597-2377-4D6A-B31E-505AC96E6D78}"
EndProject
Global
	GlobalSection(SolutionConfigurationPlatforms) = preSolution
		Debug|Any CPU = Debug|Any CPU
		Debug|Mixed Platforms = Debug|Mixed Platforms
		Debug|x64 = Debug|x64
		Debug|x86 = Debug|x86
		Release|Any CPU = Release|Any CPU
		Release|Mixed Platforms = Release|Mixed Platforms
		Release|x64 = Release|x64
		Release|x86 = Release|x86
	EndGlobalSection
	GlobalSection(ProjectConfigurationPlatforms) = postSolution
		{4B16680A-547C-495F-8BB2-8DA239E34194}.Debug|Any CPU.ActiveCfg = Debug|Any CPU
		{4B16680A-547C-495F-8BB2-8DA239E34194}.Debug|Any CPU.Build.0 = Debug|Any CPU
		{4B16680A-547C-495F-8BB2-8DA239E34194}.Debug|Mixed Platforms.ActiveCfg = Debug|Any CPU
		{4B16680A-547C-495F-8BB2-8DA239E34194}.Debug|Mixed Platforms.Build.0 = Debug|Any CPU
		{4B16680A-547C-495F-8BB2-8DA239E34194}.Debug|x64.ActiveCfg = Debug|Any CPU
		{4B16680A-547C-495F-8BB2-8DA239E34194}.Debug|x64.Build.0 = Debug|Any CPU
		{4B16680A-547C-495F-8BB2-8DA239E34194}.Debug|x86.ActiveCfg = Debug|Any CPU
		{4B16680A-547C-495F-8BB2-8DA239E34194}.Debug|x86.Build.0 = Debug|Any CPU
		{4B16680A-547C-495F-8BB2-8DA239E34194}.Release|Any CPU.ActiveCfg = Release|Any CPU
		{4B16680A-547C-495F-8BB2-8DA239E34194}.Release|Any CPU.Build.0 = Release|Any CPU
		{4B16680A-547C-495F-8BB2-8DA239E34194}.Release|Mixed Platforms.ActiveCfg = Release|Any CPU
		{4B16680A-547C-495F-8BB2-8DA239E34194}.Release|Mixed Platforms.Build.0 = Release|Any CPU
		{4B16680A-547C-495F-8BB2-8DA239E34194}.Release|x64.ActiveCfg = Release|Any CPU
		{4B16680A-547C-495F-8BB2-8DA239E34194}.Release|x64.Build.0 = Release|Any CPU
		{4B16680A-547C-495F-8BB2-8DA239E34194}.Release|x86.ActiveCfg = Release|Any CPU
		{4B16680A-547C-495F-8BB2-8DA239E34194}.Release|x86.Build.0 = Release|Any CPU
		{E7CEDF6F-B13F-48C4-A8E6-2DECAC4C7088}.Debug|Any CPU.ActiveCfg = Debug|Any CPU
		{E7CEDF6F-B13F-48C4-A8E6-2DECAC4C7088}.Debug|Any CPU.Build.0 = Debug|Any CPU
		{E7CEDF6F-B13F-48C4-A8E6-2DECAC4C7088}.Debug|Mixed Platforms.ActiveCfg = Debug|Any CPU
		{E7CEDF6F-B13F-48C4-A8E6-2DECAC4C7088}.Debug|Mixed Platforms.Build.0 = Debug|Any CPU
		{E7CEDF6F-B13F-48C4-A8E6-2DECAC4C7088}.Debug|x64.ActiveCfg = Debug|Any CPU
		{E7CEDF6F-B13F-48C4-A8E6-2DECAC4C7088}.Debug|x64.Build.0 = Debug|Any CPU
		{E7CEDF6F-B13F-48C4-A8E6-2DECAC4C7088}.Debug|x86.ActiveCfg = Debug|Any CPU
		{E7CEDF6F-B13F-48C4-A8E6-2DECAC4C7088}.Debug|x86.Build.0 = Debug|Any CPU
		{E7CEDF6F-B13F-48C4-A8E6-2DECAC4C7088}.Release|Any CPU.ActiveCfg = Release|Any CPU
		{E7CEDF6F-B13F-48C4-A8E6-2DECAC4C7088}.Release|Any CPU.Build.0 = Release|Any CPU
		{E7CEDF6F-B13F-48C4-A8E6-2DECAC4C7088}.Release|Mixed Platforms.ActiveCfg = Release|Any CPU
		{E7CEDF6F-B13F-48C4-A8E6-2DECAC4C7088}.Release|Mixed Platforms.Build.0 = Release|Any CPU
		{E7CEDF6F-B13F-48C4-A8E6-2DECAC4C7088}.Release|x64.ActiveCfg = Release|Any CPU
		{E7CEDF6F-B13F-48C4-A8E6-2DECAC4C7088}.Release|x64.Build.0 = Release|Any CPU
		{E7CEDF6F-B13F-48C4-A8E6-2DECAC4C7088}.Release|x86.ActiveCfg = Release|Any CPU
		{E7CEDF6F-B13F-48C4-A8E6-2DECAC4C7088}.Release|x86.Build.0 = Release|Any CPU
		{3D5A4597-2377-4D6A-B31E-505AC96E6D78}.Debug|Any CPU.ActiveCfg = Debug|x64
		{3D5A4597-2377-4D6A-B31E-505AC96E6D78}.Debug|Any CPU.Build.0 = Debug|x64
		{3D5A4597-2377-4D6A-B31E-505AC96E6D78}.Debug|Mixed Platforms.ActiveCfg = Debug|x86
		{3D5A4597-2377-4D6A-B31E-505AC96E6D78}.Debug|Mixed Platforms.Build.0 = Debug|x86
		{3D5A4597-2377-4D6A-B31E-505AC96E6D78}.Debug|x64.ActiveCfg = Debug|x64
		{3D5A4597-2377-4D6A-B31E-505AC96E6D78}.Debug|x64.Build.0 = Debug|x64
		{3D5A4597-2377-4D6A-B31E-505AC96E6D78}.Debug|x86.ActiveCfg = Debug|x86
		{3D5A4597-2377-4D6A-B31E-505AC96E6D78}.Debug|x86.Build.0 = Debug|x86
		{3D5A4597-2377-4D6A-B31E-505AC96E6D78}.Release|Any CPU.ActiveCfg = Release|x64
		{3D5A4597-2377-4D6A-B31E-505AC96E6D78}.Release|Any CPU.Build.0 = Release|x64
		{3D5A4597-2377-4D6A-B31E-505AC96E6D78}.Release|Mixed Platforms.ActiveCfg = Release|x86
		{3D5A4597-2377-4D6A-B31E-505AC96E6D78}.Release|Mixed Platforms.Build.0 = Release|x86
		{3D5A4597-2377-4D6A-B31E-505AC96E6D78}.Release|x64.ActiveCfg = Release|x64
		{3D5A4597-2377-4D6A-B31E-505AC96E6D78}.Release|x64.Build.0 = Release|x64
		{3D5A4597-2377-4D6A-B31E-505AC96E6D78}.Release|x86.ActiveCfg = Release|x86
		{3D5A4597-2377-4D6A-B31E-505AC96E6D78}.Release|x86.Build.0 = Release|x86
	EndGlobalSection
	GlobalSection(SolutionProperties) = preSolution
		HideSolutionNode = FALSE
	EndGlobalSection
EndGlobal
